
Microsoft Visual Studio Solution File, Format Version 12.00
# Visual Studio 15
VisualStudioVersion = 15.0.28307.106
MinimumVisualStudioVersion = 10.0.40219.1
Project("{FAE04EC0-301F-11D3-BF4B-00C04F79EFBC}") = "TCP服务器端", "TCP服务器端\TCP服务器端.csproj", "{EDF61DFD-7300-4346-A272-1F2F0710BB7F}"
EndProject
Project("{FAE04EC0-301F-11D3-BF4B-00C04F79EFBC}") = "TCP客户端", "TCP客户端\TCP客户端.csproj", "{D8770C54-A94E-4AE7-8183-EC6B42CED588}"
EndProject
Project("{FAE04EC0-301F-11D3-BF4B-00C04F79EFBC}") = "数据转换成字节数组", "数据转换成字节数组\数据转换成字节数组.csproj", "{97A156ED-8915-4B2E-B6E4-3DC2CDFD1421}"
EndProject
Project("{FAE04EC0-301F-11D3-BF4B-00C04F79EFBC}") = "MySQL数据库操作", "MySQL数据库操作\MySQL数据库操作.csproj", "{92C44E16-E168-4771-A584-C048BE2E2910}"
EndProject
Project("{FAE04EC0-301F-11D3-BF4B-00C04F79EFBC}") = "游戏服务器端", "游戏服务器端\游戏服务器端.csproj", "{FF8236BC-4136-417E-AED5-7395F7E9D88D}"
EndProject
Project("{FAE04EC0-301F-11D3-BF4B-00C04F79EFBC}") = "Common", "Common\Common.csproj", "{471E10B0-F168-42CE-8396-BE7061A9B260}"
EndProject
Global
	GlobalSection(SolutionConfigurationPlatforms) = preSolution
		Debug|Any CPU = Debug|Any CPU
		Release|Any CPU = Release|Any CPU
	EndGlobalSection
	GlobalSection(ProjectConfigurationPlatforms) = postSolution
		{EDF61DFD-7300-4346-A272-1F2F0710BB7F}.Debug|Any CPU.ActiveCfg = Debug|Any CPU
		{EDF61DFD-7300-4346-A272-1F2F0710BB7F}.Debug|Any CPU.Build.0 = Debug|Any CPU
		{EDF61DFD-7300-4346-A272-1F2F0710BB7F}.Release|Any CPU.ActiveCfg = Release|Any CPU
		{EDF61DFD-7300-4346-A272-1F2F0710BB7F}.Release|Any CPU.Build.0 = Release|Any CPU
		{D8770C54-A94E-4AE7-8183-EC6B42CED588}.Debug|Any CPU.ActiveCfg = Debug|Any CPU
		{D8770C54-A94E-4AE7-8183-EC6B42CED588}.Debug|Any CPU.Build.0 = Debug|Any CPU
		{D8770C54-A94E-4AE7-8183-EC6B42CED588}.Release|Any CPU.ActiveCfg = Release|Any CPU
		{D8770C54-A94E-4AE7-8183-EC6B42CED588}.Release|Any CPU.Build.0 = Release|Any CPU
		{97A156ED-8915-4B2E-B6E4-3DC2CDFD1421}.Debug|Any CPU.ActiveCfg = Debug|Any CPU
		{97A156ED-8915-4B2E-B6E4-3DC2CDFD1421}.Debug|Any CPU.Build.0 = Debug|Any CPU
		{97A156ED-8915-4B2E-B6E4-3DC2CDFD1421}.Release|Any CPU.ActiveCfg = Release|Any CPU
		{97A156ED-8915-4B2E-B6E4-3DC2CDFD1421}.Release|Any CPU.Build.0 = Release|Any CPU
		{92C44E16-E168-4771-A584-C048BE2E2910}.Debug|Any CPU.ActiveCfg = Debug|Any CPU
		{92C44E16-E168-4771-A584-C048BE2E2910}.Debug|Any CPU.Build.0 = Debug|Any CPU
		{92C44E16-E168-4771-A584-C048BE2E2910}.Release|Any CPU.ActiveCfg = Release|Any CPU
		{92C44E16-E168-4771-A584-C048BE2E2910}.Release|Any CPU.Build.0 = Release|Any CPU
		{FF8236BC-4136-417E-AED5-7395F7E9D88D}.Debug|Any CPU.ActiveCfg = Debug|Any CPU
		{FF8236BC-4136-417E-AED5-7395F7E9D88D}.Debug|Any CPU.Build.0 = Debug|Any CPU
		{FF8236BC-4136-417E-AED5-7395F7E9D88D}.Release|Any CPU.ActiveCfg = Release|Any CPU
		{FF8236BC-4136-417E-AED5-7395F7E9D88D}.Release|Any CPU.Build.0 = Release|Any CPU
		{471E10B0-F168-42CE-8396-BE7061A9B260}.Debug|Any CPU.ActiveCfg = Debug|Any CPU
		{471E10B0-F168-42CE-8396-BE7061A9B260}.Debug|Any CPU.Build.0 = Debug|Any CPU
		{471E10B0-F168-42CE-8396-BE7061A9B260}.Release|Any CPU.ActiveCfg = Release|Any CPU
		{471E10B0-F168-42CE-8396-BE7061A9B260}.Release|Any CPU.Build.0 = Release|Any CPU
	EndGlobalSection
	GlobalSection(SolutionProperties) = preSolution
		HideSolutionNode = FALSE
	EndGlobalSection
	GlobalSection(ExtensibilityGlobals) = postSolution
		SolutionGuid = {7D0BA207-AA94-4B18-AAC6-8A684295FB66}
	EndGlobalSection
EndGlobal
